
Microsoft Visual Studio Solution File, Format Version 12.00
# Visual Studio Version 17
VisualStudioVersion = 17.13.35919.96 d17.13
MinimumVisualStudioVersion = 10.0.40219.1
Project("{FAE04EC0-301F-11D3-BF4B-00C04F79EFBC}") = "MovieTrackerRazor", "MovieTrackerRazor\MovieTrackerRazor.csproj", "{644CD486-4590-41AA-9961-9375217A83ED}"
EndProject
Global
	GlobalSection(SolutionConfigurationPlatforms) = preSolution
		Debug|Any CPU = Debug|Any CPU
		Release|Any CPU = Release|Any CPU
	EndGlobalSection
	GlobalSection(ProjectConfigurationPlatforms) = postSolution
		{644CD486-4590-41AA-9961-9375217A83ED}.Debug|Any CPU.ActiveCfg = Debug|Any CPU
		{644CD486-4590-41AA-9961-9375217A83ED}.Debug|Any CPU.Build.0 = Debug|Any CPU
		{644CD486-4590-41AA-9961-9375217A83ED}.Release|Any CPU.ActiveCfg = Release|Any CPU
		{644CD486-4590-41AA-9961-9375217A83ED}.Release|Any CPU.Build.0 = Release|Any CPU
	EndGlobalSection
	GlobalSection(SolutionProperties) = preSolution
		HideSolutionNode = FALSE
	EndGlobalSection
	GlobalSection(ExtensibilityGlobals) = postSolution
		SolutionGuid = {BDD8119A-910E-4D29-86F4-EE043E65FF92}
	EndGlobalSection
EndGlobal
