
Microsoft Visual Studio Solution File, Format Version 12.00
# Visual Studio Version 17
VisualStudioVersion = 17.13.35919.96 d17.13
MinimumVisualStudioVersion = 10.0.40219.1
Project("{FAE04EC0-301F-11D3-BF4B-00C04F79EFBC}") = "assignment4", "assignment4\assignment4.csproj", "{AAA8CC43-3361-4A8C-A9B4-8D826BB9F017}"
EndProject
Global
	GlobalSection(SolutionConfigurationPlatforms) = preSolution
		Debug|Any CPU = Debug|Any CPU
		Release|Any CPU = Release|Any CPU
	EndGlobalSection
	GlobalSection(ProjectConfigurationPlatforms) = postSolution
		{AAA8CC43-3361-4A8C-A9B4-8D826BB9F017}.Debug|Any CPU.ActiveCfg = Debug|Any CPU
		{AAA8CC43-3361-4A8C-A9B4-8D826BB9F017}.Debug|Any CPU.Build.0 = Debug|Any CPU
		{AAA8CC43-3361-4A8C-A9B4-8D826BB9F017}.Release|Any CPU.ActiveCfg = Release|Any CPU
		{AAA8CC43-3361-4A8C-A9B4-8D826BB9F017}.Release|Any CPU.Build.0 = Release|Any CPU
	EndGlobalSection
	GlobalSection(SolutionProperties) = preSolution
		HideSolutionNode = FALSE
	EndGlobalSection
	GlobalSection(ExtensibilityGlobals) = postSolution
		SolutionGuid = {7A4EBA22-2727-413B-B28E-EED48BAE04C8}
	EndGlobalSection
EndGlobal
